
Microsoft Visual Studio Solution File, Format Version 12.00
# Visual Studio Version 17
VisualStudioVersion = 17.3.32611.2
MinimumVisualStudioVersion = 10.0.40219.1
Project("{FAE04EC0-301F-11D3-BF4B-00C04F79EFBC}") = "DBStudioLite", "DBStudioLite.csproj", "{E59D304F-867F-4A04-88DD-C2AF5BFA6985}"
EndProject
Project("{9A19103F-16F7-4668-BE54-9A1E7A4F7556}") = "CoreLogic", "CoreLogic\CoreLogic.csproj", "{CC9A2E66-0DD5-481D-A7FB-92017C7443A0}"
EndProject
Project("{FAE04EC0-301F-11D3-BF4B-00C04F79EFBC}") = "Win32", "Win32\Win32.csproj", "{AFA002CC-DACA-4968-8883-EB1409A4FE54}"
EndProject
Project("{9A19103F-16F7-4668-BE54-9A1E7A4F7556}") = "DBStudioWeb", "DBStudioWeb\DBStudioWeb.csproj", "{ACFBC38C-0CC4-4D32-97B5-2A762826301A}"
EndProject
Global
	GlobalSection(SolutionConfigurationPlatforms) = preSolution
		Debug|Any CPU = Debug|Any CPU
		Release|Any CPU = Release|Any CPU
	EndGlobalSection
	GlobalSection(ProjectConfigurationPlatforms) = postSolution
		{E59D304F-867F-4A04-88DD-C2AF5BFA6985}.Debug|Any CPU.ActiveCfg = Debug|Any CPU
		{E59D304F-867F-4A04-88DD-C2AF5BFA6985}.Debug|Any CPU.Build.0 = Debug|Any CPU
		{E59D304F-867F-4A04-88DD-C2AF5BFA6985}.Release|Any CPU.ActiveCfg = Release|Any CPU
		{E59D304F-867F-4A04-88DD-C2AF5BFA6985}.Release|Any CPU.Build.0 = Release|Any CPU
		{CC9A2E66-0DD5-481D-A7FB-92017C7443A0}.Debug|Any CPU.ActiveCfg = Debug|Any CPU
		{CC9A2E66-0DD5-481D-A7FB-92017C7443A0}.Debug|Any CPU.Build.0 = Debug|Any CPU
		{CC9A2E66-0DD5-481D-A7FB-92017C7443A0}.Release|Any CPU.ActiveCfg = Release|Any CPU
		{CC9A2E66-0DD5-481D-A7FB-92017C7443A0}.Release|Any CPU.Build.0 = Release|Any CPU
		{AFA002CC-DACA-4968-8883-EB1409A4FE54}.Debug|Any CPU.ActiveCfg = Debug|Any CPU
		{AFA002CC-DACA-4968-8883-EB1409A4FE54}.Debug|Any CPU.Build.0 = Debug|Any CPU
		{AFA002CC-DACA-4968-8883-EB1409A4FE54}.Release|Any CPU.ActiveCfg = Release|Any CPU
		{AFA002CC-DACA-4968-8883-EB1409A4FE54}.Release|Any CPU.Build.0 = Release|Any CPU
		{ACFBC38C-0CC4-4D32-97B5-2A762826301A}.Debug|Any CPU.ActiveCfg = Debug|Any CPU
		{ACFBC38C-0CC4-4D32-97B5-2A762826301A}.Debug|Any CPU.Build.0 = Debug|Any CPU
		{ACFBC38C-0CC4-4D32-97B5-2A762826301A}.Release|Any CPU.ActiveCfg = Release|Any CPU
		{ACFBC38C-0CC4-4D32-97B5-2A762826301A}.Release|Any CPU.Build.0 = Release|Any CPU
	EndGlobalSection
	GlobalSection(SolutionProperties) = preSolution
		HideSolutionNode = FALSE
	EndGlobalSection
	GlobalSection(ExtensibilityGlobals) = postSolution
		SolutionGuid = {70E777F2-7765-4DEB-B8B9-BC293C9AFD37}
	EndGlobalSection
EndGlobal
